
Microsoft Visual Studio Solution File, Format Version 12.00
# Visual Studio Version 16
VisualStudioVersion = 16.0.31025.194
MinimumVisualStudioVersion = 10.0.40219.1
Project("{FAE04EC0-301F-11D3-BF4B-00C04F79EFBC}") = "MercadoCredito", "MercadoCredito\MercadoCredito.csproj", "{DF134401-7B3C-46B2-B7AA-82748EB1ECDC}"
EndProject
Global
	GlobalSection(SolutionConfigurationPlatforms) = preSolution
		Debug|Any CPU = Debug|Any CPU
		Release|Any CPU = Release|Any CPU
	EndGlobalSection
	GlobalSection(ProjectConfigurationPlatforms) = postSolution
		{DF134401-7B3C-46B2-B7AA-82748EB1ECDC}.Debug|Any CPU.ActiveCfg = Debug|Any CPU
		{DF134401-7B3C-46B2-B7AA-82748EB1ECDC}.Debug|Any CPU.Build.0 = Debug|Any CPU
		{DF134401-7B3C-46B2-B7AA-82748EB1ECDC}.Release|Any CPU.ActiveCfg = Release|Any CPU
		{DF134401-7B3C-46B2-B7AA-82748EB1ECDC}.Release|Any CPU.Build.0 = Release|Any CPU
	EndGlobalSection
	GlobalSection(SolutionProperties) = preSolution
		HideSolutionNode = FALSE
	EndGlobalSection
	GlobalSection(ExtensibilityGlobals) = postSolution
		SolutionGuid = {496C213E-771C-494D-8F4E-678B21D5E906}
	EndGlobalSection
EndGlobal
